
Microsoft Visual Studio Solution File, Format Version 12.00
Project("{FAE04EC0-301F-11D3-BF4B-00C04F79EFBC}") = "API-GameStore", "API-GameStore\API-GameStore.csproj", "{03071727-2B3F-4CCB-BBDB-50C4B174BDEB}"
EndProject
Global
	GlobalSection(SolutionConfigurationPlatforms) = preSolution
		Debug|Any CPU = Debug|Any CPU
		Release|Any CPU = Release|Any CPU
	EndGlobalSection
	GlobalSection(ProjectConfigurationPlatforms) = postSolution
		{03071727-2B3F-4CCB-BBDB-50C4B174BDEB}.Debug|Any CPU.ActiveCfg = Debug|Any CPU
		{03071727-2B3F-4CCB-BBDB-50C4B174BDEB}.Debug|Any CPU.Build.0 = Debug|Any CPU
		{03071727-2B3F-4CCB-BBDB-50C4B174BDEB}.Release|Any CPU.ActiveCfg = Release|Any CPU
		{03071727-2B3F-4CCB-BBDB-50C4B174BDEB}.Release|Any CPU.Build.0 = Release|Any CPU
	EndGlobalSection
EndGlobal
